
Microsoft Visual Studio Solution File, Format Version 12.00
Project("{2150E333-8FDC-42A3-9474-1A3956D46DE8}") = "tests", "tests", "{B8629753-75B8-4FBC-B1E3-CED89856B028}"
EndProject
Project("{2150E333-8FDC-42A3-9474-1A3956D46DE8}") = "src", "src", "{765B8D20-CCA7-422B-9F7D-5EA2D909F7A3}"
EndProject
Project("{FAE04EC0-301F-11D3-BF4B-00C04F79EFBC}") = "EventAndStatusServiceTest", "tests\EventAndStatusServiceTest\EventAndStatusServiceTest.csproj", "{4E66D421-115D-4298-93AB-E8AD46F46758}"
EndProject
Project("{FAE04EC0-301F-11D3-BF4B-00C04F79EFBC}") = "EventDetectionTest", "tests\EventDetectionTest\EventDetectionTest.csproj", "{F33DEA95-B740-4FE8-B74F-250466674DD4}"
EndProject
Project("{FAE04EC0-301F-11D3-BF4B-00C04F79EFBC}") = "AppOptionsLib", "src\AppOptionsLib\AppOptionsLib.csproj", "{B4036D28-3A43-4DEE-A916-EC61643FBF82}"
EndProject
Project("{FAE04EC0-301F-11D3-BF4B-00C04F79EFBC}") = "EventsServiceLib", "src\EventsServiceLib\EventsServiceLib.csproj", "{39C783DD-9EA5-4E5F-94BF-09825B3F4D71}"
EndProject
Project("{FAE04EC0-301F-11D3-BF4B-00C04F79EFBC}") = "ExceptionsLib", "src\ExceptionsLib\ExceptionsLib.csproj", "{4CC480CC-CB26-4D4D-93FE-ABDD5540BA4B}"
EndProject
Project("{FAE04EC0-301F-11D3-BF4B-00C04F79EFBC}") = "Instance", "src\Instance\Instance.csproj", "{920849AE-33CF-4BE6-9B0A-A4A90E603E5C}"
EndProject
Project("{FAE04EC0-301F-11D3-BF4B-00C04F79EFBC}") = "ResultLib", "src\ResultLib\ResultLib.csproj", "{3C4AACC1-E528-433C-9BA7-0E8D1D9876DB}"
EndProject
Project("{FAE04EC0-301F-11D3-BF4B-00C04F79EFBC}") = "ServerServiceLib", "src\ServerServiceLib\ServerServiceLib.csproj", "{5944545D-86DA-4205-87CF-BB5A96F8D5AB}"
EndProject
Project("{FAE04EC0-301F-11D3-BF4B-00C04F79EFBC}") = "StatusServiceLib", "src\StatusServiceLib\StatusServiceLib.csproj", "{D9E71286-013A-42F5-8C6A-ED15297A2C3A}"
EndProject
Project("{FAE04EC0-301F-11D3-BF4B-00C04F79EFBC}") = "UpdateOrInstallServiceLib", "src\UpdateOrInstallServiceLib\UpdateOrInstallServiceLib.csproj", "{7B5E4580-E2CC-4AF0-9CDA-30C2B26D45D0}"
EndProject
Global
	GlobalSection(SolutionConfigurationPlatforms) = preSolution
		Debug|Any CPU = Debug|Any CPU
		Release|Any CPU = Release|Any CPU
	EndGlobalSection
	GlobalSection(ProjectConfigurationPlatforms) = postSolution
		{4E66D421-115D-4298-93AB-E8AD46F46758}.Debug|Any CPU.ActiveCfg = Debug|Any CPU
		{4E66D421-115D-4298-93AB-E8AD46F46758}.Debug|Any CPU.Build.0 = Debug|Any CPU
		{4E66D421-115D-4298-93AB-E8AD46F46758}.Release|Any CPU.ActiveCfg = Release|Any CPU
		{4E66D421-115D-4298-93AB-E8AD46F46758}.Release|Any CPU.Build.0 = Release|Any CPU
		{F33DEA95-B740-4FE8-B74F-250466674DD4}.Debug|Any CPU.ActiveCfg = Debug|Any CPU
		{F33DEA95-B740-4FE8-B74F-250466674DD4}.Debug|Any CPU.Build.0 = Debug|Any CPU
		{F33DEA95-B740-4FE8-B74F-250466674DD4}.Release|Any CPU.ActiveCfg = Release|Any CPU
		{F33DEA95-B740-4FE8-B74F-250466674DD4}.Release|Any CPU.Build.0 = Release|Any CPU
		{B4036D28-3A43-4DEE-A916-EC61643FBF82}.Debug|Any CPU.ActiveCfg = Debug|Any CPU
		{B4036D28-3A43-4DEE-A916-EC61643FBF82}.Debug|Any CPU.Build.0 = Debug|Any CPU
		{B4036D28-3A43-4DEE-A916-EC61643FBF82}.Release|Any CPU.ActiveCfg = Release|Any CPU
		{B4036D28-3A43-4DEE-A916-EC61643FBF82}.Release|Any CPU.Build.0 = Release|Any CPU
		{39C783DD-9EA5-4E5F-94BF-09825B3F4D71}.Debug|Any CPU.ActiveCfg = Debug|Any CPU
		{39C783DD-9EA5-4E5F-94BF-09825B3F4D71}.Debug|Any CPU.Build.0 = Debug|Any CPU
		{39C783DD-9EA5-4E5F-94BF-09825B3F4D71}.Release|Any CPU.ActiveCfg = Release|Any CPU
		{39C783DD-9EA5-4E5F-94BF-09825B3F4D71}.Release|Any CPU.Build.0 = Release|Any CPU
		{4CC480CC-CB26-4D4D-93FE-ABDD5540BA4B}.Debug|Any CPU.ActiveCfg = Debug|Any CPU
		{4CC480CC-CB26-4D4D-93FE-ABDD5540BA4B}.Debug|Any CPU.Build.0 = Debug|Any CPU
		{4CC480CC-CB26-4D4D-93FE-ABDD5540BA4B}.Release|Any CPU.ActiveCfg = Release|Any CPU
		{4CC480CC-CB26-4D4D-93FE-ABDD5540BA4B}.Release|Any CPU.Build.0 = Release|Any CPU
		{920849AE-33CF-4BE6-9B0A-A4A90E603E5C}.Debug|Any CPU.ActiveCfg = Debug|Any CPU
		{920849AE-33CF-4BE6-9B0A-A4A90E603E5C}.Debug|Any CPU.Build.0 = Debug|Any CPU
		{920849AE-33CF-4BE6-9B0A-A4A90E603E5C}.Release|Any CPU.ActiveCfg = Release|Any CPU
		{920849AE-33CF-4BE6-9B0A-A4A90E603E5C}.Release|Any CPU.Build.0 = Release|Any CPU
		{3C4AACC1-E528-433C-9BA7-0E8D1D9876DB}.Debug|Any CPU.ActiveCfg = Debug|Any CPU
		{3C4AACC1-E528-433C-9BA7-0E8D1D9876DB}.Debug|Any CPU.Build.0 = Debug|Any CPU
		{3C4AACC1-E528-433C-9BA7-0E8D1D9876DB}.Release|Any CPU.ActiveCfg = Release|Any CPU
		{3C4AACC1-E528-433C-9BA7-0E8D1D9876DB}.Release|Any CPU.Build.0 = Release|Any CPU
		{5944545D-86DA-4205-87CF-BB5A96F8D5AB}.Debug|Any CPU.ActiveCfg = Debug|Any CPU
		{5944545D-86DA-4205-87CF-BB5A96F8D5AB}.Debug|Any CPU.Build.0 = Debug|Any CPU
		{5944545D-86DA-4205-87CF-BB5A96F8D5AB}.Release|Any CPU.ActiveCfg = Release|Any CPU
		{5944545D-86DA-4205-87CF-BB5A96F8D5AB}.Release|Any CPU.Build.0 = Release|Any CPU
		{D9E71286-013A-42F5-8C6A-ED15297A2C3A}.Debug|Any CPU.ActiveCfg = Debug|Any CPU
		{D9E71286-013A-42F5-8C6A-ED15297A2C3A}.Debug|Any CPU.Build.0 = Debug|Any CPU
		{D9E71286-013A-42F5-8C6A-ED15297A2C3A}.Release|Any CPU.ActiveCfg = Release|Any CPU
		{D9E71286-013A-42F5-8C6A-ED15297A2C3A}.Release|Any CPU.Build.0 = Release|Any CPU
		{7B5E4580-E2CC-4AF0-9CDA-30C2B26D45D0}.Debug|Any CPU.ActiveCfg = Debug|Any CPU
		{7B5E4580-E2CC-4AF0-9CDA-30C2B26D45D0}.Debug|Any CPU.Build.0 = Debug|Any CPU
		{7B5E4580-E2CC-4AF0-9CDA-30C2B26D45D0}.Release|Any CPU.ActiveCfg = Release|Any CPU
		{7B5E4580-E2CC-4AF0-9CDA-30C2B26D45D0}.Release|Any CPU.Build.0 = Release|Any CPU
	EndGlobalSection
	GlobalSection(NestedProjects) = preSolution
		{4E66D421-115D-4298-93AB-E8AD46F46758} = {B8629753-75B8-4FBC-B1E3-CED89856B028}
		{F33DEA95-B740-4FE8-B74F-250466674DD4} = {B8629753-75B8-4FBC-B1E3-CED89856B028}
		{B4036D28-3A43-4DEE-A916-EC61643FBF82} = {765B8D20-CCA7-422B-9F7D-5EA2D909F7A3}
		{39C783DD-9EA5-4E5F-94BF-09825B3F4D71} = {765B8D20-CCA7-422B-9F7D-5EA2D909F7A3}
		{4CC480CC-CB26-4D4D-93FE-ABDD5540BA4B} = {765B8D20-CCA7-422B-9F7D-5EA2D909F7A3}
		{920849AE-33CF-4BE6-9B0A-A4A90E603E5C} = {765B8D20-CCA7-422B-9F7D-5EA2D909F7A3}
		{3C4AACC1-E528-433C-9BA7-0E8D1D9876DB} = {765B8D20-CCA7-422B-9F7D-5EA2D909F7A3}
		{5944545D-86DA-4205-87CF-BB5A96F8D5AB} = {765B8D20-CCA7-422B-9F7D-5EA2D909F7A3}
		{D9E71286-013A-42F5-8C6A-ED15297A2C3A} = {765B8D20-CCA7-422B-9F7D-5EA2D909F7A3}
		{7B5E4580-E2CC-4AF0-9CDA-30C2B26D45D0} = {765B8D20-CCA7-422B-9F7D-5EA2D909F7A3}
	EndGlobalSection
EndGlobal
